// !$*UTF8*$!
{
	archiveVersion = 1;
	classes = {
	};
	objectVersion = 46;
	objects = {

/* Begin PBXBuildFile section */
		0BA14AE11BD3A9D7006CD602 /* main.m in Sources */ = {isa = PBXBuildFile; fileRef = 0BA14AE01BD3A9D7006CD602 /* main.m */; };
		0BA14AE41BD3A9D7006CD602 /* AppDelegate.m in Sources */ = {isa = PBXBuildFile; fileRef = 0BA14AE31BD3A9D7006CD602 /* AppDelegate.m */; };
		0BA14AEC1BD3A9D7006CD602 /* Assets.xcassets in Resources */ = {isa = PBXBuildFile; fileRef = 0BA14AEB1BD3A9D7006CD602 /* Assets.xcassets */; };
		0BA14AEF1BD3A9D7006CD602 /* LaunchScreen.storyboard in Resources */ = {isa = PBXBuildFile; fileRef = 0BA14AED1BD3A9D7006CD602 /* LaunchScreen.storyboard */; };
		0BA14AFA1BD3A9D7006CD602 /* DSTouchViewTests.m in Sources */ = {isa = PBXBuildFile; fileRef = 0BA14AF91BD3A9D7006CD602 /* DSTouchViewTests.m */; };
		0BA14B051BD3A9D7006CD602 /* DSTouchViewUITests.m in Sources */ = {isa = PBXBuildFile; fileRef = 0BA14B041BD3A9D7006CD602 /* DSTouchViewUITests.m */; };
		0BA14B181BD3AA08006CD602 /* ViewController.m in Sources */ = {isa = PBXBuildFile; fileRef = 0BA14B151BD3AA08006CD602 /* ViewController.m */; settings = {ASSET_TAGS = (); }; };
		0BA14B191BD3AA08006CD602 /* Main.storyboard in Resources */ = {isa = PBXBuildFile; fileRef = 0BA14B161BD3AA08006CD602 /* Main.storyboard */; settings = {ASSET_TAGS = (); }; };
		0BA14B1D1BD3AA89006CD602 /* DSTouchView.m in Sources */ = {isa = PBXBuildFile; fileRef = 0BA14B1C1BD3AA89006CD602 /* DSTouchView.m */; settings = {ASSET_TAGS = (); }; };
		0BBCBB381BD7C608001CEC9D /* 演示.gif in Resources */ = {isa = PBXBuildFile; fileRef = 0BBCBB371BD7C608001CEC9D /* 演示.gif */; settings = {ASSET_TAGS = (); }; };
/* End PBXBuildFile section */

/* Begin PBXContainerItemProxy section */
		0BA14AF61BD3A9D7006CD602 /* PBXContainerItemProxy */ = {
			isa = PBXContainerItemProxy;
			containerPortal = 0BA14AD41BD3A9D7006CD602 /* Project object */;
			proxyType = 1;
			remoteGlobalIDString = 0BA14ADB1BD3A9D7006CD602;
			remoteInfo = DSTouchView;
		};
		0BA14B011BD3A9D7006CD602 /* PBXContainerItemProxy */ = {
			isa = PBXContainerItemProxy;
			containerPortal = 0BA14AD41BD3A9D7006CD602 /* Project object */;
			proxyType = 1;
			remoteGlobalIDString = 0BA14ADB1BD3A9D7006CD602;
			remoteInfo = DSTouchView;
		};
/* End PBXContainerItemProxy section */

/* Begin PBXFileReference section */
		0BA14ADC1BD3A9D7006CD602 /* DSTouchView.app */ = {isa = PBXFileReference; explicitFileType = wrapper.application; includeInIndex = 0; path = DSTouchView.app; sourceTree = BUILT_PRODUCTS_DIR; };
		0BA14AE01BD3A9D7006CD602 /* main.m */ = {isa = PBXFileReference; lastKnownFileType = sourcecode.c.objc; path = main.m; sourceTree = "<group>"; };
		0BA14AE21BD3A9D7006CD602 /* AppDelegate.h */ = {isa = PBXFileReference; lastKnownFileType = sourcecode.c.h; path = AppDelegate.h; sourceTree = "<group>"; };
		0BA14AE31BD3A9D7006CD602 /* AppDelegate.m */ = {isa = PBXFileReference; lastKnownFileType = sourcecode.c.objc; path = AppDelegate.m; sourceTree = "<group>"; };
		0BA14AEB1BD3A9D7006CD602 /* Assets.xcassets */ = {isa = PBXFileReference; lastKnownFileType = folder.assetcatalog; path = Assets.xcassets; sourceTree = "<group>"; };
		0BA14AEE1BD3A9D7006CD602 /* Base */ = {isa = PBXFileReference; lastKnownFileType = file.storyboard; name = Base; path = Base.lproj/LaunchScreen.storyboard; sourceTree = "<group>"; };
		0BA14AF01BD3A9D7006CD602 /* Info.plist */ = {isa = PBXFileReference; lastKnownFileType = text.plist.xml; path = Info.plist; sourceTree = "<group>"; };
		0BA14AF51BD3A9D7006CD602 /* DSTouchViewTests.xctest */ = {isa = PBXFileReference; explicitFileType = wrapper.cfbundle; includeInIndex = 0; path = DSTouchViewTests.xctest; sourceTree = BUILT_PRODUCTS_DIR; };
		0BA14AF91BD3A9D7006CD602 /* DSTouchViewTests.m */ = {isa = PBXFileReference; lastKnownFileType = sourcecode.c.objc; path = DSTouchViewTests.m; sourceTree = "<group>"; };
		0BA14AFB1BD3A9D7006CD602 /* Info.plist */ = {isa = PBXFileReference; lastKnownFileType = text.plist.xml; path = Info.plist; sourceTree = "<group>"; };
		0BA14B001BD3A9D7006CD602 /* DSTouchViewUITests.xctest */ = {isa = PBXFileReference; explicitFileType = wrapper.cfbundle; includeInIndex = 0; path = DSTouchViewUITests.xctest; sourceTree = BUILT_PRODUCTS_DIR; };
		0BA14B041BD3A9D7006CD602 /* DSTouchViewUITests.m */ = {isa = PBXFileReference; lastKnownFileType = sourcecode.c.objc; path = DSTouchViewUITests.m; sourceTree = "<group>"; };
		0BA14B061BD3A9D7006CD602 /* Info.plist */ = {isa = PBXFileReference; lastKnownFileType = text.plist.xml; path = Info.plist; sourceTree = "<group>"; };
		0BA14B141BD3AA08006CD602 /* ViewController.h */ = {isa = PBXFileReference; fileEncoding = 4; lastKnownFileType = sourcecode.c.h; path = ViewController.h; sourceTree = "<group>"; };
		0BA14B151BD3AA08006CD602 /* ViewController.m */ = {isa = PBXFileReference; fileEncoding = 4; lastKnownFileType = sourcecode.c.objc; path = ViewController.m; sourceTree = "<group>"; };
		0BA14B161BD3AA08006CD602 /* Main.storyboard */ = {isa = PBXFileReference; fileEncoding = 4; lastKnownFileType = file.storyboard; path = Main.storyboard; sourceTree = "<group>"; };
		0BA14B1B1BD3AA89006CD602 /* DSTouchView.h */ = {isa = PBXFileReference; fileEncoding = 4; lastKnownFileType = sourcecode.c.h; path = DSTouchView.h; sourceTree = "<group>"; };
		0BA14B1C1BD3AA89006CD602 /* DSTouchView.m */ = {isa = PBXFileReference; fileEncoding = 4; lastKnownFileType = sourcecode.c.objc; path = DSTouchView.m; sourceTree = "<group>"; };
		0BBCBB371BD7C608001CEC9D /* 演示.gif */ = {isa = PBXFileReference; lastKnownFileType = image.gif; path = "演示.gif"; sourceTree = "<group>"; };
/* End PBXFileReference section */

/* Begin PBXFrameworksBuildPhase section */
		0BA14AD91BD3A9D7006CD602 /* Frameworks */ = {
			isa = PBXFrameworksBuildPhase;
			buildActionMask = 2147483647;
			files = (
			);
			runOnlyForDeploymentPostprocessing = 0;
		};
		0BA14AF21BD3A9D7006CD602 /* Frameworks */ = {
			isa = PBXFrameworksBuildPhase;
			buildActionMask = 2147483647;
			files = (
			);
			runOnlyForDeploymentPostprocessing = 0;
		};
		0BA14AFD1BD3A9D7006CD602 /* Frameworks */ = {
			isa = PBXFrameworksBuildPhase;
			buildActionMask = 2147483647;
			files = (
			);
			runOnlyForDeploymentPostprocessing = 0;
		};
/* End PBXFrameworksBuildPhase section */

/* Begin PBXGroup section */
		0BA14AD31BD3A9D7006CD602 = {
			isa = PBXGroup;
			children = (
				0BA14ADE1BD3A9D7006CD602 /* DSTouchView */,
				0BA14AF81BD3A9D7006CD602 /* DSTouchViewTests */,
				0BA14B031BD3A9D7006CD602 /* DSTouchViewUITests */,
				0BA14ADD1BD3A9D7006CD602 /* Products */,
			);
			sourceTree = "<group>";
		};
		0BA14ADD1BD3A9D7006CD602 /* Products */ = {
			isa = PBXGroup;
			children = (
				0BA14ADC1BD3A9D7006CD602 /* DSTouchView.app */,
				0BA14AF51BD3A9D7006CD602 /* DSTouchViewTests.xctest */,
				0BA14B001BD3A9D7006CD602 /* DSTouchViewUITests.xctest */,
			);
			name = Products;
			sourceTree = "<group>";
		};
		0BA14ADE1BD3A9D7006CD602 /* DSTouchView */ = {
			isa = PBXGroup;
			children = (
				0BA14AE21BD3A9D7006CD602 /* AppDelegate.h */,
				0BA14AE31BD3A9D7006CD602 /* AppDelegate.m */,
				0BA14B141BD3AA08006CD602 /* ViewController.h */,
				0BA14B151BD3AA08006CD602 /* ViewController.m */,
				0BA14B1A1BD3AA89006CD602 /* DSTouchView */,
				0BA14B161BD3AA08006CD602 /* Main.storyboard */,
				0BA14AEB1BD3A9D7006CD602 /* Assets.xcassets */,
				0BA14AED1BD3A9D7006CD602 /* LaunchScreen.storyboard */,
				0BA14AF01BD3A9D7006CD602 /* Info.plist */,
				0BA14ADF1BD3A9D7006CD602 /* Supporting Files */,
			);
			path = DSTouchView;
			sourceTree = "<group>";
		};
		0BA14ADF1BD3A9D7006CD602 /* Supporting Files */ = {
			isa = PBXGroup;
			children = (
				0BBCBB371BD7C608001CEC9D /* 演示.gif */,
				0BA14AE01BD3A9D7006CD602 /* main.m */,
			);
			name = "Supporting Files";
			sourceTree = "<group>";
		};
		0BA14AF81BD3A9D7006CD602 /* DSTouchViewTests */ = {
			isa = PBXGroup;
			children = (
				0BA14AF91BD3A9D7006CD602 /* DSTouchViewTests.m */,
				0BA14AFB1BD3A9D7006CD602 /* Info.plist */,
			);
			path = DSTouchViewTests;
			sourceTree = "<group>";
		};
		0BA14B031BD3A9D7006CD602 /* DSTouchViewUITests */ = {
			isa = PBXGroup;
			children = (
				0BA14B041BD3A9D7006CD602 /* DSTouchViewUITests.m */,
				0BA14B061BD3A9D7006CD602 /* Info.plist */,
			);
			path = DSTouchViewUITests;
			sourceTree = "<group>";
		};
		0BA14B1A1BD3AA89006CD602 /* DSTouchView */ = {
			isa = PBXGroup;
			children = (
				0BA14B1B1BD3AA89006CD602 /* DSTouchView.h */,
				0BA14B1C1BD3AA89006CD602 /* DSTouchView.m */,
			);
			path = DSTouchView;
			sourceTree = "<group>";
		};
/* End PBXGroup section */

/* Begin PBXNativeTarget section */
		0BA14ADB1BD3A9D7006CD602 /* DSTouchView */ = {
			isa = PBXNativeTarget;
			buildConfigurationList = 0BA14B091BD3A9D7006CD602 /* Build configuration list for PBXNativeTarget "DSTouchView" */;
			buildPhases = (
				0BA14AD81BD3A9D7006CD602 /* Sources */,
				0BA14AD91BD3A9D7006CD602 /* Frameworks */,
				0BA14ADA1BD3A9D7006CD602 /* Resources */,
			);
			buildRules = (
			);
			dependencies = (
			);
			name = DSTouchView;
			productName = DSTouchView;
			productReference = 0BA14ADC1BD3A9D7006CD602 /* DSTouchView.app */;
			productType = "com.apple.product-type.application";
		};
		0BA14AF41BD3A9D7006CD602 /* DSTouchViewTests */ = {
			isa = PBXNativeTarget;
			buildConfigurationList = 0BA14B0C1BD3A9D7006CD602 /* Build configuration list for PBXNativeTarget "DSTouchViewTests" */;
			buildPhases = (
				0BA14AF11BD3A9D7006CD602 /* Sources */,
				0BA14AF21BD3A9D7006CD602 /* Frameworks */,
				0BA14AF31BD3A9D7006CD602 /* Resources */,
			);
			buildRules = (
			);
			dependencies = (
				0BA14AF71BD3A9D7006CD602 /* PBXTargetDependency */,
			);
			name = DSTouchViewTests;
			productName = DSTouchViewTests;
			productReference = 0BA14AF51BD3A9D7006CD602 /* DSTouchViewTests.xctest */;
			productType = "com.apple.product-type.bundle.unit-test";
		};
		0BA14AFF1BD3A9D7006CD602 /* DSTouchViewUITests */ = {
			isa = PBXNativeTarget;
			buildConfigurationList = 0BA14B0F1BD3A9D7006CD602 /* Build configuration list for PBXNativeTarget "DSTouchViewUITests" */;
			buildPhases = (
				0BA14AFC1BD3A9D7006CD602 /* Sources */,
				0BA14AFD1BD3A9D7006CD602 /* Frameworks */,
				0BA14AFE1BD3A9D7006CD602 /* Resources */,
			);
			buildRules = (
			);
			dependencies = (
				0BA14B021BD3A9D7006CD602 /* PBXTargetDependency */,
			);
			name = DSTouchViewUITests;
			productName = DSTouchViewUITests;
			productReference = 0BA14B001BD3A9D7006CD602 /* DSTouchViewUITests.xctest */;
			productType = "com.apple.product-type.bundle.ui-testing";
		};
/* End PBXNativeTarget section */

/* Begin PBXProject section */
		0BA14AD41BD3A9D7006CD602 /* Project object */ = {
			isa = PBXProject;
			attributes = {
				LastUpgradeCheck = 0700;
				ORGANIZATIONNAME = DuShu;
				TargetAttributes = {
					0BA14ADB1BD3A9D7006CD602 = {
						CreatedOnToolsVersion = 7.0.1;
					};
					0BA14AF41BD3A9D7006CD602 = {
						CreatedOnToolsVersion = 7.0.1;
						TestTargetID = 0BA14ADB1BD3A9D7006CD602;
					};
					0BA14AFF1BD3A9D7006CD602 = {
						CreatedOnToolsVersion = 7.0.1;
						TestTargetID = 0BA14ADB1BD3A9D7006CD602;
					};
				};
			};
			buildConfigurationList = 0BA14AD71BD3A9D7006CD602 /* Build configuration list for PBXProject "DSTouchView" */;
			compatibilityVersion = "Xcode 3.2";
			developmentRegion = English;
			hasScannedForEncodings = 0;
			knownRegions = (
				en,
				Base,
			);
			mainGroup = 0BA14AD31BD3A9D7006CD602;
			productRefGroup = 0BA14ADD1BD3A9D7006CD602 /* Products */;
			projectDirPath = "";
			projectRoot = "";
			targets = (
				0BA14ADB1BD3A9D7006CD602 /* DSTouchView */,
				0BA14AF41BD3A9D7006CD602 /* DSTouchViewTests */,
				0BA14AFF1BD3A9D7006CD602 /* DSTouchViewUITests */,
			);
		};
/* End PBXProject section */

/* Begin PBXResourcesBuildPhase section */
		0BA14ADA1BD3A9D7006CD602 /* Resources */ = {
			isa = PBXResourcesBuildPhase;
			buildActionMask = 2147483647;
			files = (
				0BBCBB381BD7C608001CEC9D /* 演示.gif in Resources */,
				0BA14B191BD3AA08006CD602 /* Main.storyboard in Resources */,
				0BA14AEF1BD3A9D7006CD602 /* LaunchScreen.storyboard in Resources */,
				0BA14AEC1BD3A9D7006CD602 /* Assets.xcassets in Resources */,
			);
			runOnlyForDeploymentPostprocessing = 0;
		};
		0BA14AF31BD3A9D7006CD602 /* Resources */ = {
			isa = PBXResourcesBuildPhase;
			buildActionMask = 2147483647;
			files = (
			);
			runOnlyForDeploymentPostprocessing = 0;
		};
		0BA14AFE1BD3A9D7006CD602 /* Resources */ = {
			isa = PBXResourcesBuildPhase;
			buildActionMask = 2147483647;
			files = (
			);
			runOnlyForDeploymentPostprocessing = 0;
		};
/* End PBXResourcesBuildPhase section */

/* Begin PBXSourcesBuildPhase section */
		0BA14AD81BD3A9D7006CD602 /* Sources */ = {
			isa = PBXSourcesBuildPhase;
			buildActionMask = 2147483647;
			files = (
				0BA14AE41BD3A9D7006CD602 /* AppDelegate.m in Sources */,
				0BA14AE11BD3A9D7006CD602 /* main.m in Sources */,
				0BA14B181BD3AA08006CD602 /* ViewController.m in Sources */,
				0BA14B1D1BD3AA89006CD602 /* DSTouchView.m in Sources */,
			);
			runOnlyForDeploymentPostprocessing = 0;
		};
		0BA14AF11BD3A9D7006CD602 /* Sources */ = {
			isa = PBXSourcesBuildPhase;
			buildActionMask = 2147483647;
			files = (
				0BA14AFA1BD3A9D7006CD602 /* DSTouchViewTests.m in Sources */,
			);
			runOnlyForDeploymentPostprocessing = 0;
		};
		0BA14AFC1BD3A9D7006CD602 /* Sources */ = {
			isa = PBXSourcesBuildPhase;
			buildActionMask = 2147483647;
			files = (
				0BA14B051BD3A9D7006CD602 /* DSTouchViewUITests.m in Sources */,
			);
			runOnlyForDeploymentPostprocessing = 0;
		};
/* End PBXSourcesBuildPhase section */

/* Begin PBXTargetDependency section */
		0BA14AF71BD3A9D7006CD602 /* PBXTargetDependency */ = {
			isa = PBXTargetDependency;
			target = 0BA14ADB1BD3A9D7006CD602 /* DSTouchView */;
			targetProxy = 0BA14AF61BD3A9D7006CD602 /* PBXContainerItemProxy */;
		};
		0BA14B021BD3A9D7006CD602 /* PBXTargetDependency */ = {
			isa = PBXTargetDependency;
			target = 0BA14ADB1BD3A9D7006CD602 /* DSTouchView */;
			targetProxy = 0BA14B011BD3A9D7006CD602 /* PBXContainerItemProxy */;
		};
/* End PBXTargetDependency section */

/* Begin PBXVariantGroup section */
		0BA14AED1BD3A9D7006CD602 /* LaunchScreen.storyboard */ = {
			isa = PBXVariantGroup;
			children = (
				0BA14AEE1BD3A9D7006CD602 /* Base */,
			);
			name = LaunchScreen.storyboard;
			sourceTree = "<group>";
		};
/* End PBXVariantGroup section */

/* Begin XCBuildConfiguration section */
		0BA14B071BD3A9D7006CD602 /* Debug */ = {
			isa = XCBuildConfiguration;
			buildSettings = {
				ALWAYS_SEARCH_USER_PATHS = NO;
				CLANG_CXX_LANGUAGE_STANDARD = "gnu++0x";
				CLANG_CXX_LIBRARY = "libc++";
				CLANG_ENABLE_MODULES = YES;
				CLANG_ENABLE_OBJC_ARC = YES;
				CLANG_WARN_BOOL_CONVERSION = YES;
				CLANG_WARN_CONSTANT_CONVERSION = YES;
				CLANG_WARN_DIRECT_OBJC_ISA_USAGE = YES_ERROR;
				CLANG_WARN_EMPTY_BODY = YES;
				CLANG_WARN_ENUM_CONVERSION = YES;
				CLANG_WARN_INT_CONVERSION = YES;
				CLANG_WARN_OBJC_ROOT_CLASS = YES_ERROR;
				CLANG_WARN_UNREACHABLE_CODE = YES;
				CLANG_WARN__DUPLICATE_METHOD_MATCH = YES;
				"CODE_SIGN_IDENTITY[sdk=iphoneos*]" = "iPhone Developer";
				COPY_PHASE_STRIP = NO;
				DEBUG_INFORMATION_FORMAT = dwarf;
				ENABLE_STRICT_OBJC_MSGSEND = YES;
				ENABLE_TESTABILITY = YES;
				GCC_C_LANGUAGE_STANDARD = gnu99;
				GCC_DYNAMIC_NO_PIC = NO;
				GCC_NO_COMMON_BLOCKS = YES;
				GCC_OPTIMIZATION_LEVEL = 0;
				GCC_PREPROCESSOR_DEFINITIONS = (
					"DEBUG=1",
					"$(inherited)",
				);
				GCC_WARN_64_TO_32_BIT_CONVERSION = YES;
				GCC_WARN_ABOUT_RETURN_TYPE = YES_ERROR;
				GCC_WARN_UNDECLARED_SELECTOR = YES;
				GCC_WARN_UNINITIALIZED_AUTOS = YES_AGGRESSIVE;
				GCC_WARN_UNUSED_FUNCTION = YES;
				GCC_WARN_UNUSED_VARIABLE = YES;
				IPHONEOS_DEPLOYMENT_TARGET = 9.0;
				MTL_ENABLE_DEBUG_INFO = YES;
				ONLY_ACTIVE_ARCH = YES;
				SDKROOT = iphoneos;
				TARGETED_DEVICE_FAMILY = "1,2";
			};
			name = Debug;
		};
		0BA14B081BD3A9D7006CD602 /* Release */ = {
			isa = XCBuildConfiguration;
			buildSettings = {
				ALWAYS_SEARCH_USER_PATHS = NO;
				CLANG_CXX_LANGUAGE_STANDARD = "gnu++0x";
				CLANG_CXX_LIBRARY = "libc++";
				CLANG_ENABLE_MODULES = YES;
				CLANG_ENABLE_OBJC_ARC = YES;
				CLANG_WARN_BOOL_CONVERSION = YES;
				CLANG_WARN_CONSTANT_CONVERSION = YES;
				CLANG_WARN_DIRECT_OBJC_ISA_USAGE = YES_ERROR;
				CLANG_WARN_EMPTY_BODY = YES;
				CLANG_WARN_ENUM_CONVERSION = YES;
				CLANG_WARN_INT_CONVERSION = YES;
				CLANG_WARN_OBJC_ROOT_CLASS = YES_ERROR;
				CLANG_WARN_UNREACHABLE_CODE = YES;
				CLANG_WARN__DUPLICATE_METHOD_MATCH = YES;
				"CODE_SIGN_IDENTITY[sdk=iphoneos*]" = "iPhone Developer";
				COPY_PHASE_STRIP = NO;
				DEBUG_INFORMATION_FORMAT = "dwarf-with-dsym";
				ENABLE_NS_ASSERTIONS = NO;
				ENABLE_STRICT_OBJC_MSGSEND = YES;
				GCC_C_LANGUAGE_STANDARD = gnu99;
				GCC_NO_COMMON_BLOCKS = YES;
				GCC_WARN_64_TO_32_BIT_CONVERSION = YES;
				GCC_WARN_ABOUT_RETURN_TYPE = YES_ERROR;
				GCC_WARN_UNDECLARED_SELECTOR = YES;
				GCC_WARN_UNINITIALIZED_AUTOS = YES_AGGRESSIVE;
				GCC_WARN_UNUSED_FUNCTION = YES;
				GCC_WARN_UNUSED_VARIABLE = YES;
				IPHONEOS_DEPLOYMENT_TARGET = 9.0;
				MTL_ENABLE_DEBUG_INFO = NO;
				SDKROOT = iphoneos;
				TARGETED_DEVICE_FAMILY = "1,2";
				VALIDATE_PRODUCT = YES;
			};
			name = Release;
		};
		0BA14B0A1BD3A9D7006CD602 /* Debug */ = {
			isa = XCBuildConfiguration;
			buildSettings = {
				ASSETCATALOG_COMPILER_APPICON_NAME = AppIcon;
				INFOPLIST_FILE = DSTouchView/Info.plist;
				LD_RUNPATH_SEARCH_PATHS = "$(inherited) @executable_path/Frameworks";
				PRODUCT_BUNDLE_IDENTIFIER = com.GMAIL.dushu.DSTouchView;
				PRODUCT_NAME = "$(TARGET_NAME)";
			};
			name = Debug;
		};
		0BA14B0B1BD3A9D7006CD602 /* Release */ = {
			isa = XCBuildConfiguration;
			buildSettings = {
				ASSETCATALOG_COMPILER_APPICON_NAME = AppIcon;
				INFOPLIST_FILE = DSTouchView/Info.plist;
				LD_RUNPATH_SEARCH_PATHS = "$(inherited) @executable_path/Frameworks";
				PRODUCT_BUNDLE_IDENTIFIER = com.GMAIL.dushu.DSTouchView;
				PRODUCT_NAME = "$(TARGET_NAME)";
			};
			name = Release;
		};
		0BA14B0D1BD3A9D7006CD602 /* Debug */ = {
			isa = XCBuildConfiguration;
			buildSettings = {
				BUNDLE_LOADER = "$(TEST_HOST)";
				INFOPLIST_FILE = DSTouchViewTests/Info.plist;
				LD_RUNPATH_SEARCH_PATHS = "$(inherited) @executable_path/Frameworks @loader_path/Frameworks";
				PRODUCT_BUNDLE_IDENTIFIER = com.GMAIL.dushu.DSTouchViewTests;
				PRODUCT_NAME = "$(TARGET_NAME)";
				TEST_HOST = "$(BUILT_PRODUCTS_DIR)/DSTouchView.app/DSTouchView";
			};
			name = Debug;
		};
		0BA14B0E1BD3A9D7006CD602 /* Release */ = {
			isa = XCBuildConfiguration;
			buildSettings = {
				BUNDLE_LOADER = "$(TEST_HOST)";
				INFOPLIST_FILE = DSTouchViewTests/Info.plist;
				LD_RUNPATH_SEARCH_PATHS = "$(inherited) @executable_path/Frameworks @loader_path/Frameworks";
				PRODUCT_BUNDLE_IDENTIFIER = com.GMAIL.dushu.DSTouchViewTests;
				PRODUCT_NAME = "$(TARGET_NAME)";
				TEST_HOST = "$(BUILT_PRODUCTS_DIR)/DSTouchView.app/DSTouchView";
			};
			name = Release;
		};
		0BA14B101BD3A9D7006CD602 /* Debug */ = {
			isa = XCBuildConfiguration;
			buildSettings = {
				INFOPLIST_FILE = DSTouchViewUITests/Info.plist;
				LD_RUNPATH_SEARCH_PATHS = "$(inherited) @executable_path/Frameworks @loader_path/Frameworks";
				PRODUCT_BUNDLE_IDENTIFIER = com.GMAIL.dushu.DSTouchViewUITests;
				PRODUCT_NAME = "$(TARGET_NAME)";
				TEST_TARGET_NAME = DSTouchView;
				USES_XCTRUNNER = YES;
			};
			name = Debug;
		};
		0BA14B111BD3A9D7006CD602 /* Release */ = {
			isa = XCBuildConfiguration;
			buildSettings = {
				INFOPLIST_FILE = DSTouchViewUITests/Info.plist;
				LD_RUNPATH_SEARCH_PATHS = "$(inherited) @executable_path/Frameworks @loader_path/Frameworks";
				PRODUCT_BUNDLE_IDENTIFIER = com.GMAIL.dushu.DSTouchViewUITests;
				PRODUCT_NAME = "$(TARGET_NAME)";
				TEST_TARGET_NAME = DSTouchView;
				USES_XCTRUNNER = YES;
			};
			name = Release;
		};
/* End XCBuildConfiguration section */

/* Begin XCConfigurationList section */
		0BA14AD71BD3A9D7006CD602 /* Build configuration list for PBXProject "DSTouchView" */ = {
			isa = XCConfigurationList;
			buildConfigurations = (
				0BA14B071BD3A9D7006CD602 /* Debug */,
				0BA14B081BD3A9D7006CD602 /* Release */,
			);
			defaultConfigurationIsVisible = 0;
			defaultConfigurationName = Release;
		};
		0BA14B091BD3A9D7006CD602 /* Build configuration list for PBXNativeTarget "DSTouchView" */ = {
			isa = XCConfigurationList;
			buildConfigurations = (
				0BA14B0A1BD3A9D7006CD602 /* Debug */,
				0BA14B0B1BD3A9D7006CD602 /* Release */,
			);
			defaultConfigurationIsVisible = 0;
			defaultConfigurationName = Release;
		};
		0BA14B0C1BD3A9D7006CD602 /* Build configuration list for PBXNativeTarget "DSTouchViewTests" */ = {
			isa = XCConfigurationList;
			buildConfigurations = (
				0BA14B0D1BD3A9D7006CD602 /* Debug */,
				0BA14B0E1BD3A9D7006CD602 /* Release */,
			);
			defaultConfigurationIsVisible = 0;
			defaultConfigurationName = Release;
		};
		0BA14B0F1BD3A9D7006CD602 /* Build configuration list for PBXNativeTarget "DSTouchViewUITests" */ = {
			isa = XCConfigurationList;
			buildConfigurations = (
				0BA14B101BD3A9D7006CD602 /* Debug */,
				0BA14B111BD3A9D7006CD602 /* Release */,
			);
			defaultConfigurationIsVisible = 0;
			defaultConfigurationName = Release;
		};
/* End XCConfigurationList section */
	};
	rootObject = 0BA14AD41BD3A9D7006CD602 /* Project object */;
}
